
Microsoft Visual Studio Solution File, Format Version 12.00
# Visual Studio Version 17
VisualStudioVersion = 17.5.33516.290
MinimumVisualStudioVersion = 10.0.40219.1
Project("{9A19103F-16F7-4668-BE54-9A1E7A4F7556}") = "MinimalAPI", "MinimalAPI\MinimalAPI.csproj", "{929A2188-4F34-4FA4-92B4-1EBCD9E4210E}"
EndProject
Project("{00D1A9C2-B5F0-4AF3-8072-F6C62B433612}") = "UserDB", "UserDB\UserDB.sqlproj", "{FAA93FC8-4A56-4B96-B970-753D289B36E7}"
EndProject
Project("{FAE04EC0-301F-11D3-BF4B-00C04F79EFBC}") = "DataAccess", "DataAccess\DataAccess.csproj", "{B9CF761E-19D0-434B-8D06-A10BA4D9E245}"
EndProject
Global
	GlobalSection(SolutionConfigurationPlatforms) = preSolution
		Debug|Any CPU = Debug|Any CPU
		Release|Any CPU = Release|Any CPU
	EndGlobalSection
	GlobalSection(ProjectConfigurationPlatforms) = postSolution
		{929A2188-4F34-4FA4-92B4-1EBCD9E4210E}.Debug|Any CPU.ActiveCfg = Debug|Any CPU
		{929A2188-4F34-4FA4-92B4-1EBCD9E4210E}.Debug|Any CPU.Build.0 = Debug|Any CPU
		{929A2188-4F34-4FA4-92B4-1EBCD9E4210E}.Release|Any CPU.ActiveCfg = Release|Any CPU
		{929A2188-4F34-4FA4-92B4-1EBCD9E4210E}.Release|Any CPU.Build.0 = Release|Any CPU
		{FAA93FC8-4A56-4B96-B970-753D289B36E7}.Debug|Any CPU.ActiveCfg = Debug|Any CPU
		{FAA93FC8-4A56-4B96-B970-753D289B36E7}.Debug|Any CPU.Build.0 = Debug|Any CPU
		{FAA93FC8-4A56-4B96-B970-753D289B36E7}.Debug|Any CPU.Deploy.0 = Debug|Any CPU
		{FAA93FC8-4A56-4B96-B970-753D289B36E7}.Release|Any CPU.ActiveCfg = Release|Any CPU
		{FAA93FC8-4A56-4B96-B970-753D289B36E7}.Release|Any CPU.Build.0 = Release|Any CPU
		{FAA93FC8-4A56-4B96-B970-753D289B36E7}.Release|Any CPU.Deploy.0 = Release|Any CPU
		{B9CF761E-19D0-434B-8D06-A10BA4D9E245}.Debug|Any CPU.ActiveCfg = Debug|Any CPU
		{B9CF761E-19D0-434B-8D06-A10BA4D9E245}.Debug|Any CPU.Build.0 = Debug|Any CPU
		{B9CF761E-19D0-434B-8D06-A10BA4D9E245}.Release|Any CPU.ActiveCfg = Release|Any CPU
		{B9CF761E-19D0-434B-8D06-A10BA4D9E245}.Release|Any CPU.Build.0 = Release|Any CPU
	EndGlobalSection
	GlobalSection(SolutionProperties) = preSolution
		HideSolutionNode = FALSE
	EndGlobalSection
	GlobalSection(ExtensibilityGlobals) = postSolution
		SolutionGuid = {F25EE564-D9ED-4203-9C86-F12B6202D97B}
	EndGlobalSection
EndGlobal
